
Microsoft Visual Studio Solution File, Format Version 12.00
# Visual Studio Version 16
VisualStudioVersion = 16.0.31410.357
MinimumVisualStudioVersion = 10.0.40219.1
Project("{FAE04EC0-301F-11D3-BF4B-00C04F79EFBC}") = "Modul_1", "Modul_1\Modul_1.csproj", "{DCCA83B0-76A2-4D54-B6E1-7FEF76946EB6}"
EndProject
Project("{FAE04EC0-301F-11D3-BF4B-00C04F79EFBC}") = "Num_2", "Num_2\Num_2.csproj", "{B2126856-965D-40F2-A1B1-45B1FA843ADE}"
EndProject
Global
	GlobalSection(SolutionConfigurationPlatforms) = preSolution
		Debug|Any CPU = Debug|Any CPU
		Release|Any CPU = Release|Any CPU
	EndGlobalSection
	GlobalSection(ProjectConfigurationPlatforms) = postSolution
		{DCCA83B0-76A2-4D54-B6E1-7FEF76946EB6}.Debug|Any CPU.ActiveCfg = Debug|Any CPU
		{DCCA83B0-76A2-4D54-B6E1-7FEF76946EB6}.Debug|Any CPU.Build.0 = Debug|Any CPU
		{DCCA83B0-76A2-4D54-B6E1-7FEF76946EB6}.Release|Any CPU.ActiveCfg = Release|Any CPU
		{DCCA83B0-76A2-4D54-B6E1-7FEF76946EB6}.Release|Any CPU.Build.0 = Release|Any CPU
		{B2126856-965D-40F2-A1B1-45B1FA843ADE}.Debug|Any CPU.ActiveCfg = Debug|Any CPU
		{B2126856-965D-40F2-A1B1-45B1FA843ADE}.Debug|Any CPU.Build.0 = Debug|Any CPU
		{B2126856-965D-40F2-A1B1-45B1FA843ADE}.Release|Any CPU.ActiveCfg = Release|Any CPU
		{B2126856-965D-40F2-A1B1-45B1FA843ADE}.Release|Any CPU.Build.0 = Release|Any CPU
	EndGlobalSection
	GlobalSection(SolutionProperties) = preSolution
		HideSolutionNode = FALSE
	EndGlobalSection
	GlobalSection(ExtensibilityGlobals) = postSolution
		SolutionGuid = {0DCCB906-7E4B-4588-A5E1-C68AD11DFABA}
	EndGlobalSection
EndGlobal
